
Microsoft Visual Studio Solution File, Format Version 12.00
# Visual Studio Version 17
VisualStudioVersion = 17.10.35027.167
MinimumVisualStudioVersion = 10.0.40219.1
Project("{FAE04EC0-301F-11D3-BF4B-00C04F79EFBC}") = "Web", "Web\Web.csproj", "{3295375A-ECEF-4B49-AF5B-44FCBDBB6D63}"
EndProject
Project("{9A19103F-16F7-4668-BE54-9A1E7A4F7556}") = "Data", "Data\Data.csproj", "{5D773918-BE6C-493A-9AAA-D7379001B740}"
EndProject
Project("{9A19103F-16F7-4668-BE54-9A1E7A4F7556}") = "Business", "Business\Business.csproj", "{CFA06093-69C5-4260-A85D-05D9E845290F}"
EndProject
Global
	GlobalSection(SolutionConfigurationPlatforms) = preSolution
		Debug|Any CPU = Debug|Any CPU
		Release|Any CPU = Release|Any CPU
	EndGlobalSection
	GlobalSection(ProjectConfigurationPlatforms) = postSolution
		{3295375A-ECEF-4B49-AF5B-44FCBDBB6D63}.Debug|Any CPU.ActiveCfg = Debug|Any CPU
		{3295375A-ECEF-4B49-AF5B-44FCBDBB6D63}.Debug|Any CPU.Build.0 = Debug|Any CPU
		{3295375A-ECEF-4B49-AF5B-44FCBDBB6D63}.Release|Any CPU.ActiveCfg = Release|Any CPU
		{3295375A-ECEF-4B49-AF5B-44FCBDBB6D63}.Release|Any CPU.Build.0 = Release|Any CPU
		{5D773918-BE6C-493A-9AAA-D7379001B740}.Debug|Any CPU.ActiveCfg = Debug|Any CPU
		{5D773918-BE6C-493A-9AAA-D7379001B740}.Debug|Any CPU.Build.0 = Debug|Any CPU
		{5D773918-BE6C-493A-9AAA-D7379001B740}.Release|Any CPU.ActiveCfg = Release|Any CPU
		{5D773918-BE6C-493A-9AAA-D7379001B740}.Release|Any CPU.Build.0 = Release|Any CPU
		{CFA06093-69C5-4260-A85D-05D9E845290F}.Debug|Any CPU.ActiveCfg = Debug|Any CPU
		{CFA06093-69C5-4260-A85D-05D9E845290F}.Debug|Any CPU.Build.0 = Debug|Any CPU
		{CFA06093-69C5-4260-A85D-05D9E845290F}.Release|Any CPU.ActiveCfg = Release|Any CPU
		{CFA06093-69C5-4260-A85D-05D9E845290F}.Release|Any CPU.Build.0 = Release|Any CPU
	EndGlobalSection
	GlobalSection(SolutionProperties) = preSolution
		HideSolutionNode = FALSE
	EndGlobalSection
	GlobalSection(ExtensibilityGlobals) = postSolution
		SolutionGuid = {EAB3C9F1-7341-4D40-A752-FB721246CCB4}
	EndGlobalSection
EndGlobal
